
Microsoft Visual Studio Solution File, Format Version 12.00
# Visual Studio Version 16
VisualStudioVersion = 16.0.29613.14
MinimumVisualStudioVersion = 10.0.40219.1
Project("{FAE04EC0-301F-11D3-BF4B-00C04F79EFBC}") = "Employeemanagement", "Employeemanagement\Employeemanagement.csproj", "{76A8879E-5AC7-4966-9688-E6381785FBD7}"
EndProject
Global
	GlobalSection(SolutionConfigurationPlatforms) = preSolution
		Debug|Any CPU = Debug|Any CPU
		Release|Any CPU = Release|Any CPU
	EndGlobalSection
	GlobalSection(ProjectConfigurationPlatforms) = postSolution
		{76A8879E-5AC7-4966-9688-E6381785FBD7}.Debug|Any CPU.ActiveCfg = Debug|Any CPU
		{76A8879E-5AC7-4966-9688-E6381785FBD7}.Debug|Any CPU.Build.0 = Debug|Any CPU
		{76A8879E-5AC7-4966-9688-E6381785FBD7}.Release|Any CPU.ActiveCfg = Release|Any CPU
		{76A8879E-5AC7-4966-9688-E6381785FBD7}.Release|Any CPU.Build.0 = Release|Any CPU
	EndGlobalSection
	GlobalSection(SolutionProperties) = preSolution
		HideSolutionNode = FALSE
	EndGlobalSection
	GlobalSection(ExtensibilityGlobals) = postSolution
		SolutionGuid = {12E3AA98-DDEE-40E1-B345-9B07F3C08FE5}
	EndGlobalSection
EndGlobal
